
Microsoft Visual Studio Solution File, Format Version 12.00
# Visual Studio Version 17
VisualStudioVersion = 17.3.32929.385
MinimumVisualStudioVersion = 10.0.40219.1
Project("{9A19103F-16F7-4668-BE54-9A1E7A4F7556}") = "WDCO2R_HFT_2023241.Client", "WDCO2R_HFT_2023241\WDCO2R_HFT_2023241.Client.csproj", "{C361005E-F0F2-4B5E-BB5B-C75A81FBA631}"
EndProject
Project("{9A19103F-16F7-4668-BE54-9A1E7A4F7556}") = "WDCO2R_HFT_2023241.Test", "WDCO2R_HFT_2023241.Test\WDCO2R_HFT_2023241.Test.csproj", "{032A575E-F4A3-4212-B4E8-6E54F55B5665}"
EndProject
Project("{9A19103F-16F7-4668-BE54-9A1E7A4F7556}") = "WDCO2R_HFT_2023241.Endpoint", "WDCO2R_HFT_2023241.Endpoint\WDCO2R_HFT_2023241.Endpoint.csproj", "{7080F4AB-8F22-457C-8442-0578AF7CE9A1}"
EndProject
Project("{2150E333-8FDC-42A3-9474-1A3956D46DE8}") = "Backend", "Backend", "{4DA6B051-DDD6-4377-A50D-D7621EA934F9}"
EndProject
Project("{2150E333-8FDC-42A3-9474-1A3956D46DE8}") = "Frontend", "Frontend", "{01A857B7-21A7-4482-A893-8821CA8856B2}"
EndProject
Project("{2150E333-8FDC-42A3-9474-1A3956D46DE8}") = "Shared", "Shared", "{623BC7CD-005A-44B9-8354-E68B8583D880}"
EndProject
Project("{9A19103F-16F7-4668-BE54-9A1E7A4F7556}") = "WDCO2R_HFT_2023241.Data", "WDCO2R_HFT_2023241.Data\WDCO2R_HFT_2023241.Data.csproj", "{A931FE53-7171-4CA4-A279-31D4AEFD47B9}"
EndProject
Project("{9A19103F-16F7-4668-BE54-9A1E7A4F7556}") = "WDCO2R_HFT_2023241.Logic", "WDCO2R_HFT_2023241.Logic\WDCO2R_HFT_2023241.Logic.csproj", "{0F5BFA45-E917-4261-9A5F-684008A48B6C}"
EndProject
Project("{9A19103F-16F7-4668-BE54-9A1E7A4F7556}") = "WDCO2R_HFT_2023241.Models", "WDCO2R_HFT_2023241.Models\WDCO2R_HFT_2023241.Models.csproj", "{FC42E542-5FA9-4CB5-B741-BAFA6D872A00}"
EndProject
Project("{9A19103F-16F7-4668-BE54-9A1E7A4F7556}") = "WDCO2R_HFT_2023241.Repository", "WDCO2R_HFT_2023241.Repository\WDCO2R_HFT_2023241.Repository.csproj", "{50BD2A5F-485E-4DB8-B748-0C06AC02D652}"
EndProject
Project("{FAE04EC0-301F-11D3-BF4B-00C04F79EFBC}") = "WDCO2R_HFT_2023242.WpfClient", "WDCO2R_HFT_2023242.WpfClient\WDCO2R_HFT_2023242.WpfClient.csproj", "{8DE301F6-77E6-4E71-94B8-020E0E180603}"
EndProject
Global
	GlobalSection(SolutionConfigurationPlatforms) = preSolution
		Debug|Any CPU = Debug|Any CPU
		Release|Any CPU = Release|Any CPU
	EndGlobalSection
	GlobalSection(ProjectConfigurationPlatforms) = postSolution
		{C361005E-F0F2-4B5E-BB5B-C75A81FBA631}.Debug|Any CPU.ActiveCfg = Debug|Any CPU
		{C361005E-F0F2-4B5E-BB5B-C75A81FBA631}.Debug|Any CPU.Build.0 = Debug|Any CPU
		{C361005E-F0F2-4B5E-BB5B-C75A81FBA631}.Release|Any CPU.ActiveCfg = Release|Any CPU
		{C361005E-F0F2-4B5E-BB5B-C75A81FBA631}.Release|Any CPU.Build.0 = Release|Any CPU
		{032A575E-F4A3-4212-B4E8-6E54F55B5665}.Debug|Any CPU.ActiveCfg = Debug|Any CPU
		{032A575E-F4A3-4212-B4E8-6E54F55B5665}.Debug|Any CPU.Build.0 = Debug|Any CPU
		{032A575E-F4A3-4212-B4E8-6E54F55B5665}.Release|Any CPU.ActiveCfg = Release|Any CPU
		{032A575E-F4A3-4212-B4E8-6E54F55B5665}.Release|Any CPU.Build.0 = Release|Any CPU
		{7080F4AB-8F22-457C-8442-0578AF7CE9A1}.Debug|Any CPU.ActiveCfg = Debug|Any CPU
		{7080F4AB-8F22-457C-8442-0578AF7CE9A1}.Debug|Any CPU.Build.0 = Debug|Any CPU
		{7080F4AB-8F22-457C-8442-0578AF7CE9A1}.Release|Any CPU.ActiveCfg = Release|Any CPU
		{7080F4AB-8F22-457C-8442-0578AF7CE9A1}.Release|Any CPU.Build.0 = Release|Any CPU
		{A931FE53-7171-4CA4-A279-31D4AEFD47B9}.Debug|Any CPU.ActiveCfg = Debug|Any CPU
		{A931FE53-7171-4CA4-A279-31D4AEFD47B9}.Debug|Any CPU.Build.0 = Debug|Any CPU
		{A931FE53-7171-4CA4-A279-31D4AEFD47B9}.Release|Any CPU.ActiveCfg = Release|Any CPU
		{A931FE53-7171-4CA4-A279-31D4AEFD47B9}.Release|Any CPU.Build.0 = Release|Any CPU
		{0F5BFA45-E917-4261-9A5F-684008A48B6C}.Debug|Any CPU.ActiveCfg = Debug|Any CPU
		{0F5BFA45-E917-4261-9A5F-684008A48B6C}.Debug|Any CPU.Build.0 = Debug|Any CPU
		{0F5BFA45-E917-4261-9A5F-684008A48B6C}.Release|Any CPU.ActiveCfg = Release|Any CPU
		{0F5BFA45-E917-4261-9A5F-684008A48B6C}.Release|Any CPU.Build.0 = Release|Any CPU
		{FC42E542-5FA9-4CB5-B741-BAFA6D872A00}.Debug|Any CPU.ActiveCfg = Debug|Any CPU
		{FC42E542-5FA9-4CB5-B741-BAFA6D872A00}.Debug|Any CPU.Build.0 = Debug|Any CPU
		{FC42E542-5FA9-4CB5-B741-BAFA6D872A00}.Release|Any CPU.ActiveCfg = Release|Any CPU
		{FC42E542-5FA9-4CB5-B741-BAFA6D872A00}.Release|Any CPU.Build.0 = Release|Any CPU
		{50BD2A5F-485E-4DB8-B748-0C06AC02D652}.Debug|Any CPU.ActiveCfg = Debug|Any CPU
		{50BD2A5F-485E-4DB8-B748-0C06AC02D652}.Debug|Any CPU.Build.0 = Debug|Any CPU
		{50BD2A5F-485E-4DB8-B748-0C06AC02D652}.Release|Any CPU.ActiveCfg = Release|Any CPU
		{50BD2A5F-485E-4DB8-B748-0C06AC02D652}.Release|Any CPU.Build.0 = Release|Any CPU
		{8DE301F6-77E6-4E71-94B8-020E0E180603}.Debug|Any CPU.ActiveCfg = Debug|Any CPU
		{8DE301F6-77E6-4E71-94B8-020E0E180603}.Debug|Any CPU.Build.0 = Debug|Any CPU
		{8DE301F6-77E6-4E71-94B8-020E0E180603}.Release|Any CPU.ActiveCfg = Release|Any CPU
		{8DE301F6-77E6-4E71-94B8-020E0E180603}.Release|Any CPU.Build.0 = Release|Any CPU
	EndGlobalSection
	GlobalSection(SolutionProperties) = preSolution
		HideSolutionNode = FALSE
	EndGlobalSection
	GlobalSection(NestedProjects) = preSolution
		{C361005E-F0F2-4B5E-BB5B-C75A81FBA631} = {01A857B7-21A7-4482-A893-8821CA8856B2}
		{032A575E-F4A3-4212-B4E8-6E54F55B5665} = {4DA6B051-DDD6-4377-A50D-D7621EA934F9}
		{7080F4AB-8F22-457C-8442-0578AF7CE9A1} = {4DA6B051-DDD6-4377-A50D-D7621EA934F9}
		{A931FE53-7171-4CA4-A279-31D4AEFD47B9} = {4DA6B051-DDD6-4377-A50D-D7621EA934F9}
		{0F5BFA45-E917-4261-9A5F-684008A48B6C} = {4DA6B051-DDD6-4377-A50D-D7621EA934F9}
		{FC42E542-5FA9-4CB5-B741-BAFA6D872A00} = {623BC7CD-005A-44B9-8354-E68B8583D880}
		{50BD2A5F-485E-4DB8-B748-0C06AC02D652} = {4DA6B051-DDD6-4377-A50D-D7621EA934F9}
		{8DE301F6-77E6-4E71-94B8-020E0E180603} = {01A857B7-21A7-4482-A893-8821CA8856B2}
	EndGlobalSection
	GlobalSection(ExtensibilityGlobals) = postSolution
		SolutionGuid = {7A39BCD3-B6EC-4512-ABF9-B9039827DC1C}
	EndGlobalSection
EndGlobal
